{
  "requires": true,
  "lockfileVersion": 1,
  "dependencies": {
    "material-ui-flags": {
      "version": "1.2.4",
      "resolved": "https://registry.npmjs.org/material-ui-flags/-/material-ui-flags-1.2.4.tgz",
      "integrity": "sha512-547k+KkQ5Dei0Pqaztp7RtwRlI71BZ98rbzuuNX/Bw7nZ1vtBTCnaXLMQ6jVxpFJ9ckS4rjg503EZtb7QnYJsA=="
    }
  }
}
